# This file is automatically @generated by Cargo.
# It is not intended for manual editing.
version = 3

[[package]]
name = "elo"
version = "0.1.0"

[[package]]
name = "elo-error"
version = "0.1.0"
dependencies = [
 "elo-lexer",
]

[[package]]
name = "elo-lexer"
version = "0.1.0"

[[package]]
name = "elo-parser"
version = "0.1.0"
dependencies = [
 "elo-error",
 "elo-lexer",
]
