# This file is automatically @generated by Cargo.
# It is not intended for manual editing.
version = 4

[[package]]
name = "elo"
version = "0.1.0"

[[package]]
name = "elo-ast"
version = "0.1.0"
dependencies = [
 "elo-lexer",
]

[[package]]
name = "elo-error"
version = "0.1.0"
dependencies = [
 "elo-lexer",
]

[[package]]
name = "elo-ir"
version = "0.1.0"
dependencies = [
 "elo-ast",
 "elo-lexer",
]

[[package]]
name = "elo-lexer"
version = "0.1.0"

[[package]]
name = "elo-parser"
version = "0.1.0"
dependencies = [
 "elo-ast",
 "elo-error",
 "elo-lexer",
]

[[package]]
name = "elo-validation"
version = "0.1.0"
dependencies = [
 "elo-ast",
 "elo-error",
 "elo-ir",
 "elo-lexer",
 "elo-parser",
]
